
Microsoft Visual Studio Solution File, Format Version 12.00
# Visual Studio Version 17
VisualStudioVersion = 17.3.32825.248
MinimumVisualStudioVersion = 10.0.40219.1
Project("{FAE04EC0-301F-11D3-BF4B-00C04F79EFBC}") = "ChainOfResponsability", "ChainOfResponsability.csproj", "{40FFA073-F69C-4B6F-8038-956A9A64B09D}"
EndProject
Global
	GlobalSection(SolutionConfigurationPlatforms) = preSolution
		Debug|Any CPU = Debug|Any CPU
		Release|Any CPU = Release|Any CPU
	EndGlobalSection
	GlobalSection(ProjectConfigurationPlatforms) = postSolution
		{40FFA073-F69C-4B6F-8038-956A9A64B09D}.Debug|Any CPU.ActiveCfg = Debug|Any CPU
		{40FFA073-F69C-4B6F-8038-956A9A64B09D}.Debug|Any CPU.Build.0 = Debug|Any CPU
		{40FFA073-F69C-4B6F-8038-956A9A64B09D}.Release|Any CPU.ActiveCfg = Release|Any CPU
		{40FFA073-F69C-4B6F-8038-956A9A64B09D}.Release|Any CPU.Build.0 = Release|Any CPU
	EndGlobalSection
	GlobalSection(SolutionProperties) = preSolution
		HideSolutionNode = FALSE
	EndGlobalSection
	GlobalSection(ExtensibilityGlobals) = postSolution
		SolutionGuid = {60E94353-A4EF-4BC0-8AA8-25F016298C5B}
	EndGlobalSection
EndGlobal
