
Microsoft Visual Studio Solution File, Format Version 12.00
# Visual Studio Version 17
VisualStudioVersion = 17.3.32825.248
MinimumVisualStudioVersion = 10.0.40219.1
Project("{FAE04EC0-301F-11D3-BF4B-00C04F79EFBC}") = "Decorator", "Decorator.csproj", "{3EA9BFC1-BD1B-4BE8-8473-9AF622320CB6}"
EndProject
Global
	GlobalSection(SolutionConfigurationPlatforms) = preSolution
		Debug|Any CPU = Debug|Any CPU
		Release|Any CPU = Release|Any CPU
	EndGlobalSection
	GlobalSection(ProjectConfigurationPlatforms) = postSolution
		{3EA9BFC1-BD1B-4BE8-8473-9AF622320CB6}.Debug|Any CPU.ActiveCfg = Debug|Any CPU
		{3EA9BFC1-BD1B-4BE8-8473-9AF622320CB6}.Debug|Any CPU.Build.0 = Debug|Any CPU
		{3EA9BFC1-BD1B-4BE8-8473-9AF622320CB6}.Release|Any CPU.ActiveCfg = Release|Any CPU
		{3EA9BFC1-BD1B-4BE8-8473-9AF622320CB6}.Release|Any CPU.Build.0 = Release|Any CPU
	EndGlobalSection
	GlobalSection(SolutionProperties) = preSolution
		HideSolutionNode = FALSE
	EndGlobalSection
	GlobalSection(ExtensibilityGlobals) = postSolution
		SolutionGuid = {60F8800F-CF36-4F95-977D-79609A0232CF}
	EndGlobalSection
EndGlobal
