
Microsoft Visual Studio Solution File, Format Version 12.00
# Visual Studio Version 17
VisualStudioVersion = 17.3.32825.248
MinimumVisualStudioVersion = 10.0.40219.1
Project("{FAE04EC0-301F-11D3-BF4B-00C04F79EFBC}") = "Strategy", "Strategy.csproj", "{932A7103-B270-4B75-8B0B-F283DCCFBEB8}"
EndProject
Global
	GlobalSection(SolutionConfigurationPlatforms) = preSolution
		Debug|Any CPU = Debug|Any CPU
		Release|Any CPU = Release|Any CPU
	EndGlobalSection
	GlobalSection(ProjectConfigurationPlatforms) = postSolution
		{932A7103-B270-4B75-8B0B-F283DCCFBEB8}.Debug|Any CPU.ActiveCfg = Debug|Any CPU
		{932A7103-B270-4B75-8B0B-F283DCCFBEB8}.Debug|Any CPU.Build.0 = Debug|Any CPU
		{932A7103-B270-4B75-8B0B-F283DCCFBEB8}.Release|Any CPU.ActiveCfg = Release|Any CPU
		{932A7103-B270-4B75-8B0B-F283DCCFBEB8}.Release|Any CPU.Build.0 = Release|Any CPU
	EndGlobalSection
	GlobalSection(SolutionProperties) = preSolution
		HideSolutionNode = FALSE
	EndGlobalSection
	GlobalSection(ExtensibilityGlobals) = postSolution
		SolutionGuid = {5CD902B0-2A78-448C-912A-32F092C5A786}
	EndGlobalSection
EndGlobal
