
Microsoft Visual Studio Solution File, Format Version 12.00
# Visual Studio Version 17
VisualStudioVersion = 17.3.32825.248
MinimumVisualStudioVersion = 10.0.40219.1
Project("{FAE04EC0-301F-11D3-BF4B-00C04F79EFBC}") = "State", "State.csproj", "{765891D6-565C-4531-B18A-08E9F58BCCE5}"
EndProject
Global
	GlobalSection(SolutionConfigurationPlatforms) = preSolution
		Debug|Any CPU = Debug|Any CPU
		Release|Any CPU = Release|Any CPU
	EndGlobalSection
	GlobalSection(ProjectConfigurationPlatforms) = postSolution
		{765891D6-565C-4531-B18A-08E9F58BCCE5}.Debug|Any CPU.ActiveCfg = Debug|Any CPU
		{765891D6-565C-4531-B18A-08E9F58BCCE5}.Debug|Any CPU.Build.0 = Debug|Any CPU
		{765891D6-565C-4531-B18A-08E9F58BCCE5}.Release|Any CPU.ActiveCfg = Release|Any CPU
		{765891D6-565C-4531-B18A-08E9F58BCCE5}.Release|Any CPU.Build.0 = Release|Any CPU
	EndGlobalSection
	GlobalSection(SolutionProperties) = preSolution
		HideSolutionNode = FALSE
	EndGlobalSection
	GlobalSection(ExtensibilityGlobals) = postSolution
		SolutionGuid = {3806F498-634B-4130-A4AE-8EE19BC9D650}
	EndGlobalSection
EndGlobal
