
Microsoft Visual Studio Solution File, Format Version 12.00
# Visual Studio Version 17
VisualStudioVersion = 17.3.32825.248
MinimumVisualStudioVersion = 10.0.40219.1
Project("{FAE04EC0-301F-11D3-BF4B-00C04F79EFBC}") = "AbstractFactory", "AbstractFactory.csproj", "{8D48E69F-8CA3-4E83-9FAF-8FAB65733095}"
EndProject
Global
	GlobalSection(SolutionConfigurationPlatforms) = preSolution
		Debug|Any CPU = Debug|Any CPU
		Release|Any CPU = Release|Any CPU
	EndGlobalSection
	GlobalSection(ProjectConfigurationPlatforms) = postSolution
		{8D48E69F-8CA3-4E83-9FAF-8FAB65733095}.Debug|Any CPU.ActiveCfg = Debug|Any CPU
		{8D48E69F-8CA3-4E83-9FAF-8FAB65733095}.Debug|Any CPU.Build.0 = Debug|Any CPU
		{8D48E69F-8CA3-4E83-9FAF-8FAB65733095}.Release|Any CPU.ActiveCfg = Release|Any CPU
		{8D48E69F-8CA3-4E83-9FAF-8FAB65733095}.Release|Any CPU.Build.0 = Release|Any CPU
	EndGlobalSection
	GlobalSection(SolutionProperties) = preSolution
		HideSolutionNode = FALSE
	EndGlobalSection
	GlobalSection(ExtensibilityGlobals) = postSolution
		SolutionGuid = {5085FAB1-B2B5-4DB6-88F8-8883F0B239D4}
	EndGlobalSection
EndGlobal
