
Microsoft Visual Studio Solution File, Format Version 12.00
# Visual Studio Version 17
VisualStudioVersion = 17.3.32825.248
MinimumVisualStudioVersion = 10.0.40219.1
Project("{FAE04EC0-301F-11D3-BF4B-00C04F79EFBC}") = "Prototype", "Prototype.csproj", "{00C2AB76-9068-4C99-B075-88411B946DE9}"
EndProject
Global
	GlobalSection(SolutionConfigurationPlatforms) = preSolution
		Debug|Any CPU = Debug|Any CPU
		Release|Any CPU = Release|Any CPU
	EndGlobalSection
	GlobalSection(ProjectConfigurationPlatforms) = postSolution
		{00C2AB76-9068-4C99-B075-88411B946DE9}.Debug|Any CPU.ActiveCfg = Debug|Any CPU
		{00C2AB76-9068-4C99-B075-88411B946DE9}.Debug|Any CPU.Build.0 = Debug|Any CPU
		{00C2AB76-9068-4C99-B075-88411B946DE9}.Release|Any CPU.ActiveCfg = Release|Any CPU
		{00C2AB76-9068-4C99-B075-88411B946DE9}.Release|Any CPU.Build.0 = Release|Any CPU
	EndGlobalSection
	GlobalSection(SolutionProperties) = preSolution
		HideSolutionNode = FALSE
	EndGlobalSection
	GlobalSection(ExtensibilityGlobals) = postSolution
		SolutionGuid = {10B9C312-65BD-4844-90D1-1EBD341EE720}
	EndGlobalSection
EndGlobal
